// !$*UTF8*$!
{
	archiveVersion = 1;
	classes = {
	};
	objectVersion = 56;
	objects = {

/* Begin PBXBuildFile section */
		B20000000000000000000026 /* RecentProjectsView.swift in Sources */ = {isa = PBXBuildFile; fileRef = A20000000000000000000029 /* RecentProjectsView.swift */; };
		B20000000000000000000025 /* ProjectLibrary.swift in Sources */ = {isa = PBXBuildFile; fileRef = A20000000000000000000028 /* ProjectLibrary.swift */; };
		B20000000000000000000024 /* EditHistory.swift in Sources */ = {isa = PBXBuildFile; fileRef = A20000000000000000000027 /* EditHistory.swift */; };
		B20000000000000000000001 /* RecorderApp.swift in Sources */ = {isa = PBXBuildFile; fileRef = A20000000000000000000001 /* RecorderApp.swift */; };
		B20000000000000000000002 /* PermissionsManager.swift in Sources */ = {isa = PBXBuildFile; fileRef = A20000000000000000000002 /* PermissionsManager.swift */; };
		B20000000000000000000003 /* NSScreen+DisplayID.swift in Sources */ = {isa = PBXBuildFile; fileRef = A20000000000000000000003 /* NSScreen+DisplayID.swift */; };
		B20000000000000000000004 /* ScreenRecorder.swift in Sources */ = {isa = PBXBuildFile; fileRef = A20000000000000000000004 /* ScreenRecorder.swift */; };
		B20000000000000000000005 /* InputTracker.swift in Sources */ = {isa = PBXBuildFile; fileRef = A20000000000000000000005 /* InputTracker.swift */; };
		B20000000000000000000006 /* RecordingSession.swift in Sources */ = {isa = PBXBuildFile; fileRef = A20000000000000000000006 /* RecordingSession.swift */; };
		B20000000000000000000007 /* ClickEvent.swift in Sources */ = {isa = PBXBuildFile; fileRef = A20000000000000000000007 /* ClickEvent.swift */; };
		B20000000000000000000008 /* ZoomKeyframe.swift in Sources */ = {isa = PBXBuildFile; fileRef = A20000000000000000000008 /* ZoomKeyframe.swift */; };
		B20000000000000000000009 /* AutoZoomGenerator.swift in Sources */ = {isa = PBXBuildFile; fileRef = A20000000000000000000009 /* AutoZoomGenerator.swift */; };
		B2000000000000000000000A /* ZoomInterpolator.swift in Sources */ = {isa = PBXBuildFile; fileRef = A2000000000000000000000A /* ZoomInterpolator.swift */; };
		B2000000000000000000000B /* VideoExporter.swift in Sources */ = {isa = PBXBuildFile; fileRef = A2000000000000000000000B /* VideoExporter.swift */; };
		B2000000000000000000000C /* CompositionRenderer.swift in Sources */ = {isa = PBXBuildFile; fileRef = A2000000000000000000000C /* CompositionRenderer.swift */; };
		B2000000000000000000001F /* Composition.swift in Sources */ = {isa = PBXBuildFile; fileRef = A20000000000000000000022 /* Composition.swift */; };
		B20000000000000000000020 /* MotionFX.swift in Sources */ = {isa = PBXBuildFile; fileRef = A20000000000000000000023 /* MotionFX.swift */; };
		B20000000000000000000023 /* MediaTiming.swift in Sources */ = {isa = PBXBuildFile; fileRef = A20000000000000000000026 /* MediaTiming.swift */; };
		B20000000000000000000027 /* CaptureGeometry.swift in Sources */ = {isa = PBXBuildFile; fileRef = A2000000000000000000002B /* CaptureGeometry.swift */; };
		B20000000000000000000028 /* OverlayLayout.swift in Sources */ = {isa = PBXBuildFile; fileRef = A2000000000000000000002C /* OverlayLayout.swift */; };
		B20000000000000000000021 /* CompositorPreviewView.swift in Sources */ = {isa = PBXBuildFile; fileRef = A20000000000000000000024 /* CompositorPreviewView.swift */; };
		B2000000000000000000000D /* MenuBarView.swift in Sources */ = {isa = PBXBuildFile; fileRef = A2000000000000000000000D /* MenuBarView.swift */; };
		B2000000000000000000000F /* Project.swift in Sources */ = {isa = PBXBuildFile; fileRef = A2000000000000000000000F /* Project.swift */; };
		B20000000000000000000011 /* ZoomKeyframeEditor.swift in Sources */ = {isa = PBXBuildFile; fileRef = A20000000000000000000014 /* ZoomKeyframeEditor.swift */; };
		B20000000000000000000012 /* ProjectEditor.swift in Sources */ = {isa = PBXBuildFile; fileRef = A20000000000000000000015 /* ProjectEditor.swift */; };
		B20000000000000000000013 /* EditorView.swift in Sources */ = {isa = PBXBuildFile; fileRef = A20000000000000000000016 /* EditorView.swift */; };
		B20000000000000000000014 /* TimelineView.swift in Sources */ = {isa = PBXBuildFile; fileRef = A20000000000000000000017 /* TimelineView.swift */; };
		B20000000000000000000015 /* EditorPreviewView.swift in Sources */ = {isa = PBXBuildFile; fileRef = A20000000000000000000018 /* EditorPreviewView.swift */; };
		B20000000000000000000016 /* ExportSettings.swift in Sources */ = {isa = PBXBuildFile; fileRef = A20000000000000000000019 /* ExportSettings.swift */; };
		B20000000000000000000017 /* CursorEvent.swift in Sources */ = {isa = PBXBuildFile; fileRef = A2000000000000000000001A /* CursorEvent.swift */; };
		B20000000000000000000018 /* CountdownOverlay.swift in Sources */ = {isa = PBXBuildFile; fileRef = A2000000000000000000001B /* CountdownOverlay.swift */; };
		B20000000000000000000019 /* RecordingHotkeys.swift in Sources */ = {isa = PBXBuildFile; fileRef = A2000000000000000000001C /* RecordingHotkeys.swift */; };
		B2000000000000000000001A /* PresentationModeManager.swift in Sources */ = {isa = PBXBuildFile; fileRef = A2000000000000000000001D /* PresentationModeManager.swift */; };
		B2000000000000000000001B /* MediaDevices.swift in Sources */ = {isa = PBXBuildFile; fileRef = A2000000000000000000001E /* MediaDevices.swift */; };
		B2000000000000000000001C /* CameraMicCapture.swift in Sources */ = {isa = PBXBuildFile; fileRef = A2000000000000000000001F /* CameraMicCapture.swift */; };
		B2000000000000000000001D /* CameraBubbleOverlay.swift in Sources */ = {isa = PBXBuildFile; fileRef = A20000000000000000000020 /* CameraBubbleOverlay.swift */; };
		B2000000000000000000001E /* CameraBackgroundProcessor.swift in Sources */ = {isa = PBXBuildFile; fileRef = A20000000000000000000021 /* CameraBackgroundProcessor.swift */; };
		B20000000000000000000022 /* CameraTrackWriter.swift in Sources */ = {isa = PBXBuildFile; fileRef = A20000000000000000000025 /* CameraTrackWriter.swift */; };
		B20000000000000000000010 /* Assets.xcassets in Resources */ = {isa = PBXBuildFile; fileRef = A20000000000000000000010 /* Assets.xcassets */; };
		B20000000000000000000029 /* Log.swift in Sources */ = {isa = PBXBuildFile; fileRef = A2000000000000000000002D /* Log.swift */; };
		B2000000000000000000002A /* Brand.swift in Sources */ = {isa = PBXBuildFile; fileRef = A2000000000000000000002E /* Brand.swift */; };
		B2000000000000000000002B /* LibraryMigration.swift in Sources */ = {isa = PBXBuildFile; fileRef = A2000000000000000000002F /* LibraryMigration.swift */; };
		B2000000000000000000002C /* KeyNames.swift in Sources */ = {isa = PBXBuildFile; fileRef = A20000000000000000000030 /* KeyNames.swift */; };
		B2000000000000000000002D /* Hotkeys.swift in Sources */ = {isa = PBXBuildFile; fileRef = A20000000000000000000031 /* Hotkeys.swift */; };
		B2000000000000000000002E /* AppSettings.swift in Sources */ = {isa = PBXBuildFile; fileRef = A20000000000000000000032 /* AppSettings.swift */; };
		B2000000000000000000002F /* AppState.swift in Sources */ = {isa = PBXBuildFile; fileRef = A20000000000000000000033 /* AppState.swift */; };
		B20000000000000000000030 /* AppDelegate.swift in Sources */ = {isa = PBXBuildFile; fileRef = A20000000000000000000034 /* AppDelegate.swift */; };
		B20000000000000000000031 /* StatusItemController.swift in Sources */ = {isa = PBXBuildFile; fileRef = A20000000000000000000035 /* StatusItemController.swift */; };
		B20000000000000000000032 /* ActivationPolicyController.swift in Sources */ = {isa = PBXBuildFile; fileRef = A20000000000000000000036 /* ActivationPolicyController.swift */; };
		B20000000000000000000033 /* SettingsStore.swift in Sources */ = {isa = PBXBuildFile; fileRef = A20000000000000000000037 /* SettingsStore.swift */; };
		B20000000000000000000034 /* WindowPresenters.swift in Sources */ = {isa = PBXBuildFile; fileRef = A20000000000000000000038 /* WindowPresenters.swift */; };
		B20000000000000000000035 /* SettingsView.swift in Sources */ = {isa = PBXBuildFile; fileRef = A20000000000000000000039 /* SettingsView.swift */; };
		B20000000000000000000036 /* ShortcutRecorderField.swift in Sources */ = {isa = PBXBuildFile; fileRef = A2000000000000000000003A /* ShortcutRecorderField.swift */; };
		B20000000000000000000037 /* DesignSystem.swift in Sources */ = {isa = PBXBuildFile; fileRef = A2000000000000000000003B /* DesignSystem.swift */; };
		B20000000000000000000038 /* OnboardingView.swift in Sources */ = {isa = PBXBuildFile; fileRef = A2000000000000000000003C /* OnboardingView.swift */; };
		B20000000000000000000039 /* AreaSelection.swift in Sources */ = {isa = PBXBuildFile; fileRef = A2000000000000000000003D /* AreaSelection.swift */; };
		B2000000000000000000003A /* PauseLedger.swift in Sources */ = {isa = PBXBuildFile; fileRef = A2000000000000000000003E /* PauseLedger.swift */; };
		B2000000000000000000003B /* RecordingClock.swift in Sources */ = {isa = PBXBuildFile; fileRef = A2000000000000000000003F /* RecordingClock.swift */; };
		B2000000000000000000003C /* CaptureExclusion.swift in Sources */ = {isa = PBXBuildFile; fileRef = A20000000000000000000040 /* CaptureExclusion.swift */; };
		B2000000000000000000003D /* AreaSelectionOverlay.swift in Sources */ = {isa = PBXBuildFile; fileRef = A20000000000000000000041 /* AreaSelectionOverlay.swift */; };
		B2000000000000000000003E /* RecordingHUD.swift in Sources */ = {isa = PBXBuildFile; fileRef = A20000000000000000000042 /* RecordingHUD.swift */; };
		B2000000000000000000003F /* KeystrokeEvent.swift in Sources */ = {isa = PBXBuildFile; fileRef = A20000000000000000000043 /* KeystrokeEvent.swift */; };
		B20000000000000000000040 /* CursorKindEvent.swift in Sources */ = {isa = PBXBuildFile; fileRef = A20000000000000000000044 /* CursorKindEvent.swift */; };
		B20000000000000000000041 /* CursorKindSampler.swift in Sources */ = {isa = PBXBuildFile; fileRef = A20000000000000000000045 /* CursorKindSampler.swift */; };
		B20000000000000000000042 /* EditTimeline.swift in Sources */ = {isa = PBXBuildFile; fileRef = A20000000000000000000046 /* EditTimeline.swift */; };
		B20000000000000000000043 /* IdleStretchDetector.swift in Sources */ = {isa = PBXBuildFile; fileRef = A20000000000000000000047 /* IdleStretchDetector.swift */; };
		B20000000000000000000044 /* TimelineCompositionBuilder.swift in Sources */ = {isa = PBXBuildFile; fileRef = A20000000000000000000048 /* TimelineCompositionBuilder.swift */; };
		B20000000000000000000045 /* CanvasLayout.swift in Sources */ = {isa = PBXBuildFile; fileRef = A20000000000000000000049 /* CanvasLayout.swift */; };
		B20000000000000000000046 /* ExportService.swift in Sources */ = {isa = PBXBuildFile; fileRef = A2000000000000000000004A /* ExportService.swift */; };
		B20000000000000000000047 /* LibraryView.swift in Sources */ = {isa = PBXBuildFile; fileRef = A2000000000000000000004B /* LibraryView.swift */; };
		B20000000000000000000048 /* QuickAccessPanel.swift in Sources */ = {isa = PBXBuildFile; fileRef = A2000000000000000000004C /* QuickAccessPanel.swift */; };
		B20000000000000000000049 /* LookStyle.swift in Sources */ = {isa = PBXBuildFile; fileRef = A2000000000000000000004D /* LookStyle.swift */; };
		B2000000000000000000004A /* TimelineItems.swift in Sources */ = {isa = PBXBuildFile; fileRef = A2000000000000000000004E /* TimelineItems.swift */; };
		B2000000000000000000004B /* StylePreset.swift in Sources */ = {isa = PBXBuildFile; fileRef = A2000000000000000000004F /* StylePreset.swift */; };
		B2000000000000000000004C /* SystemCursorImages.swift in Sources */ = {isa = PBXBuildFile; fileRef = A20000000000000000000050 /* SystemCursorImages.swift */; };
		B2000000000000000000004D /* EditorShortcuts.swift in Sources */ = {isa = PBXBuildFile; fileRef = A20000000000000000000051 /* EditorShortcuts.swift */; };
		B2000000000000000000004E /* TimelineGeometry.swift in Sources */ = {isa = PBXBuildFile; fileRef = A20000000000000000000052 /* TimelineGeometry.swift */; };
		B2000000000000000000004F /* Waveform.swift in Sources */ = {isa = PBXBuildFile; fileRef = A20000000000000000000053 /* Waveform.swift */; };
		B20000000000000000000050 /* InspectorControls.swift in Sources */ = {isa = PBXBuildFile; fileRef = A20000000000000000000054 /* InspectorControls.swift */; };
		B20000000000000000000051 /* InspectorView.swift in Sources */ = {isa = PBXBuildFile; fileRef = A20000000000000000000055 /* InspectorView.swift */; };
		B20000000000000000000052 /* InspectorPanels.swift in Sources */ = {isa = PBXBuildFile; fileRef = A20000000000000000000056 /* InspectorPanels.swift */; };
		B20000000000000000000053 /* SelectionInspector.swift in Sources */ = {isa = PBXBuildFile; fileRef = A20000000000000000000057 /* SelectionInspector.swift */; };
		B20000000000000000000054 /* EditorToolbar.swift in Sources */ = {isa = PBXBuildFile; fileRef = A20000000000000000000058 /* EditorToolbar.swift */; };
		B20000000000000000000055 /* CanvasOverlays.swift in Sources */ = {isa = PBXBuildFile; fileRef = A20000000000000000000059 /* CanvasOverlays.swift */; };
		B20000000000000000000056 /* TransportBar.swift in Sources */ = {isa = PBXBuildFile; fileRef = A2000000000000000000005A /* TransportBar.swift */; };
		B20000000000000000000057 /* TimelineTracks.swift in Sources */ = {isa = PBXBuildFile; fileRef = A2000000000000000000005B /* TimelineTracks.swift */; };
		B20000000000000000000058 /* TimelineMedia.swift in Sources */ = {isa = PBXBuildFile; fileRef = A2000000000000000000005C /* TimelineMedia.swift */; };
		B20000000000000000000059 /* TextPlateLayout.swift in Sources */ = {isa = PBXBuildFile; fileRef = A2000000000000000000005D /* TextPlateLayout.swift */; };
		B2000000000000000000005A /* GIFWriter.swift in Sources */ = {isa = PBXBuildFile; fileRef = A2000000000000000000005E /* GIFWriter.swift */; };
		B2000000000000000000005B /* ExportOptions.swift in Sources */ = {isa = PBXBuildFile; fileRef = A2000000000000000000005F /* ExportOptions.swift */; };
		B2000000000000000000005C /* ExportSheet.swift in Sources */ = {isa = PBXBuildFile; fileRef = A20000000000000000000060 /* ExportSheet.swift */; };
		B2000000000000000000005D /* JSONValue.swift in Sources */ = {isa = PBXBuildFile; fileRef = A20000000000000000000061 /* JSONValue.swift */; };
		B2000000000000000000005E /* JSONRPCMessage.swift in Sources */ = {isa = PBXBuildFile; fileRef = A20000000000000000000062 /* JSONRPCMessage.swift */; };
		B2000000000000000000005F /* MCPCatalog.swift in Sources */ = {isa = PBXBuildFile; fileRef = A20000000000000000000063 /* MCPCatalog.swift */; };
		B20000000000000000000060 /* MCPServer.swift in Sources */ = {isa = PBXBuildFile; fileRef = A20000000000000000000064 /* MCPServer.swift */; };
		B20000000000000000000061 /* LineChannel.swift in Sources */ = {isa = PBXBuildFile; fileRef = A20000000000000000000065 /* LineChannel.swift */; };
		B20000000000000000000062 /* AgentToolCatalog.swift in Sources */ = {isa = PBXBuildFile; fileRef = A20000000000000000000066 /* AgentToolCatalog.swift */; };
		B20000000000000000000063 /* AgentPrompts.swift in Sources */ = {isa = PBXBuildFile; fileRef = A20000000000000000000067 /* AgentPrompts.swift */; };
		B20000000000000000000064 /* TraceMain.swift in Sources */ = {isa = PBXBuildFile; fileRef = A20000000000000000000068 /* TraceMain.swift */; };
		B20000000000000000000065 /* MCPStdioServer.swift in Sources */ = {isa = PBXBuildFile; fileRef = A20000000000000000000069 /* MCPStdioServer.swift */; };
		B20000000000000000000066 /* UnixSocket.swift in Sources */ = {isa = PBXBuildFile; fileRef = A2000000000000000000006A /* UnixSocket.swift */; };
		B20000000000000000000067 /* LineSocket.swift in Sources */ = {isa = PBXBuildFile; fileRef = A2000000000000000000006B /* LineSocket.swift */; };
		B20000000000000000000068 /* AgentBridge.swift in Sources */ = {isa = PBXBuildFile; fileRef = A2000000000000000000006C /* AgentBridge.swift */; };
		B20000000000000000000069 /* AgentArguments.swift in Sources */ = {isa = PBXBuildFile; fileRef = A2000000000000000000006D /* AgentArguments.swift */; };
		B2000000000000000000006A /* AgentCoordinates.swift in Sources */ = {isa = PBXBuildFile; fileRef = A2000000000000000000006E /* AgentCoordinates.swift */; };
		B2000000000000000000006B /* TakeDescription.swift in Sources */ = {isa = PBXBuildFile; fileRef = A2000000000000000000006F /* TakeDescription.swift */; };
		B2000000000000000000006C /* FrameSampling.swift in Sources */ = {isa = PBXBuildFile; fileRef = A20000000000000000000070 /* FrameSampling.swift */; };
		B2000000000000000000006D /* AgentSetup.swift in Sources */ = {isa = PBXBuildFile; fileRef = A20000000000000000000071 /* AgentSetup.swift */; };
		B2000000000000000000006E /* AgentBridgeExecutor.swift in Sources */ = {isa = PBXBuildFile; fileRef = A20000000000000000000072 /* AgentBridgeExecutor.swift */; };
		B2000000000000000000006F /* AgentBridgeController.swift in Sources */ = {isa = PBXBuildFile; fileRef = A20000000000000000000073 /* AgentBridgeController.swift */; };
		B20000000000000000000070 /* AgentTakeTools.swift in Sources */ = {isa = PBXBuildFile; fileRef = A20000000000000000000074 /* AgentTakeTools.swift */; };
		B20000000000000000000071 /* AgentFrameRenderer.swift in Sources */ = {isa = PBXBuildFile; fileRef = A20000000000000000000075 /* AgentFrameRenderer.swift */; };
		B20000000000000000000072 /* AgentsSettingsPane.swift in Sources */ = {isa = PBXBuildFile; fileRef = A20000000000000000000076 /* AgentsSettingsPane.swift */; };
		B20000000000000000000073 /* AgentEdits.swift in Sources */ = {isa = PBXBuildFile; fileRef = A20000000000000000000077 /* AgentEdits.swift */; };
		B20000000000000000000074 /* AgentStyleEdits.swift in Sources */ = {isa = PBXBuildFile; fileRef = A20000000000000000000078 /* AgentStyleEdits.swift */; };
		B20000000000000000000075 /* AgentEditCatalog.swift in Sources */ = {isa = PBXBuildFile; fileRef = A20000000000000000000079 /* AgentEditCatalog.swift */; };
		B20000000000000000000076 /* AgentEditTools.swift in Sources */ = {isa = PBXBuildFile; fileRef = A2000000000000000000007A /* AgentEditTools.swift */; };
		B20000000000000000000077 /* AgentExportTools.swift in Sources */ = {isa = PBXBuildFile; fileRef = A2000000000000000000007B /* AgentExportTools.swift */; };
		B20000000000000000000078 /* SpeechDetector.swift in Sources */ = {isa = PBXBuildFile; fileRef = A2000000000000000000007C /* SpeechDetector.swift */; };
		B20000000000000000000079 /* VisualChange.swift in Sources */ = {isa = PBXBuildFile; fileRef = A2000000000000000000007D /* VisualChange.swift */; };
		B2000000000000000000007A /* TakeAnalyzer.swift in Sources */ = {isa = PBXBuildFile; fileRef = A2000000000000000000007E /* TakeAnalyzer.swift */; };
		B2000000000000000000007B /* TakeAnalysisReport.swift in Sources */ = {isa = PBXBuildFile; fileRef = A2000000000000000000007F /* TakeAnalysisReport.swift */; };
		B2000000000000000000007C /* AgentMediaScanner.swift in Sources */ = {isa = PBXBuildFile; fileRef = A20000000000000000000080 /* AgentMediaScanner.swift */; };
		B2000000000000000000007D /* AgentAnalysisTools.swift in Sources */ = {isa = PBXBuildFile; fileRef = A20000000000000000000081 /* AgentAnalysisTools.swift */; };
		B2000000000000000000007E /* SourceCrop.swift in Sources */ = {isa = PBXBuildFile; fileRef = A20000000000000000000082 /* SourceCrop.swift */; };
		B2000000000000000000007F /* CropControls.swift in Sources */ = {isa = PBXBuildFile; fileRef = A20000000000000000000083 /* CropControls.swift */; };
		B20000000000000000000080 /* TextMotion.swift in Sources */ = {isa = PBXBuildFile; fileRef = A20000000000000000000084 /* TextMotion.swift */; };
		B20000000000000000000081 /* SpeedRamp.swift in Sources */ = {isa = PBXBuildFile; fileRef = A20000000000000000000085 /* SpeedRamp.swift */; };
		B20000000000000000000082 /* CutTransitions.swift in Sources */ = {isa = PBXBuildFile; fileRef = A20000000000000000000086 /* CutTransitions.swift */; };
		B20000000000000000000083 /* AudioEnvelope.swift in Sources */ = {isa = PBXBuildFile; fileRef = A20000000000000000000087 /* AudioEnvelope.swift */; };
		B20000000000000000000084 /* RenderFeatures.swift in Sources */ = {isa = PBXBuildFile; fileRef = A20000000000000000000088 /* RenderFeatures.swift */; };
		B20000000000000000000085 /* MotionInspectors.swift in Sources */ = {isa = PBXBuildFile; fileRef = A20000000000000000000089 /* MotionInspectors.swift */; };
		B20000000000000000000086 /* CameraMoves.swift in Sources */ = {isa = PBXBuildFile; fileRef = A2000000000000000000008A /* CameraMoves.swift */; };
/* End PBXBuildFile section */

/* Begin PBXFileReference section */
		A2000000000000000000002A /* Signing.xcconfig */ = {isa = PBXFileReference; lastKnownFileType = text.xcconfig; name = Signing.xcconfig; path = Config/Signing.xcconfig; sourceTree = "<group>"; };
		A20000000000000000000029 /* RecentProjectsView.swift */ = {isa = PBXFileReference; lastKnownFileType = sourcecode.swift; path = RecentProjectsView.swift; sourceTree = "<group>"; };
		A20000000000000000000028 /* ProjectLibrary.swift */ = {isa = PBXFileReference; lastKnownFileType = sourcecode.swift; path = ProjectLibrary.swift; sourceTree = "<group>"; };
		A20000000000000000000027 /* EditHistory.swift */ = {isa = PBXFileReference; lastKnownFileType = sourcecode.swift; path = EditHistory.swift; sourceTree = "<group>"; };
		A20000000000000000000001 /* RecorderApp.swift */ = {isa = PBXFileReference; lastKnownFileType = sourcecode.swift; path = RecorderApp.swift; sourceTree = "<group>"; };
		A20000000000000000000002 /* PermissionsManager.swift */ = {isa = PBXFileReference; lastKnownFileType = sourcecode.swift; path = PermissionsManager.swift; sourceTree = "<group>"; };
		A20000000000000000000003 /* NSScreen+DisplayID.swift */ = {isa = PBXFileReference; lastKnownFileType = sourcecode.swift; path = "NSScreen+DisplayID.swift"; sourceTree = "<group>"; };
		A20000000000000000000004 /* ScreenRecorder.swift */ = {isa = PBXFileReference; lastKnownFileType = sourcecode.swift; path = ScreenRecorder.swift; sourceTree = "<group>"; };
		A20000000000000000000005 /* InputTracker.swift */ = {isa = PBXFileReference; lastKnownFileType = sourcecode.swift; path = InputTracker.swift; sourceTree = "<group>"; };
		A20000000000000000000006 /* RecordingSession.swift */ = {isa = PBXFileReference; lastKnownFileType = sourcecode.swift; path = RecordingSession.swift; sourceTree = "<group>"; };
		A20000000000000000000007 /* ClickEvent.swift */ = {isa = PBXFileReference; lastKnownFileType = sourcecode.swift; path = ClickEvent.swift; sourceTree = "<group>"; };
		A20000000000000000000008 /* ZoomKeyframe.swift */ = {isa = PBXFileReference; lastKnownFileType = sourcecode.swift; path = ZoomKeyframe.swift; sourceTree = "<group>"; };
		A20000000000000000000009 /* AutoZoomGenerator.swift */ = {isa = PBXFileReference; lastKnownFileType = sourcecode.swift; path = AutoZoomGenerator.swift; sourceTree = "<group>"; };
		A2000000000000000000000A /* ZoomInterpolator.swift */ = {isa = PBXFileReference; lastKnownFileType = sourcecode.swift; path = ZoomInterpolator.swift; sourceTree = "<group>"; };
		A2000000000000000000000B /* VideoExporter.swift */ = {isa = PBXFileReference; lastKnownFileType = sourcecode.swift; path = VideoExporter.swift; sourceTree = "<group>"; };
		A2000000000000000000000C /* CompositionRenderer.swift */ = {isa = PBXFileReference; lastKnownFileType = sourcecode.swift; path = CompositionRenderer.swift; sourceTree = "<group>"; };
		A20000000000000000000022 /* Composition.swift */ = {isa = PBXFileReference; lastKnownFileType = sourcecode.swift; path = Composition.swift; sourceTree = "<group>"; };
		A20000000000000000000023 /* MotionFX.swift */ = {isa = PBXFileReference; lastKnownFileType = sourcecode.swift; path = MotionFX.swift; sourceTree = "<group>"; };
		A20000000000000000000026 /* MediaTiming.swift */ = {isa = PBXFileReference; lastKnownFileType = sourcecode.swift; path = MediaTiming.swift; sourceTree = "<group>"; };
		A2000000000000000000002B /* CaptureGeometry.swift */ = {isa = PBXFileReference; lastKnownFileType = sourcecode.swift; path = CaptureGeometry.swift; sourceTree = "<group>"; };
		A2000000000000000000002C /* OverlayLayout.swift */ = {isa = PBXFileReference; lastKnownFileType = sourcecode.swift; path = OverlayLayout.swift; sourceTree = "<group>"; };
		A20000000000000000000024 /* CompositorPreviewView.swift */ = {isa = PBXFileReference; lastKnownFileType = sourcecode.swift; path = CompositorPreviewView.swift; sourceTree = "<group>"; };
		A2000000000000000000000D /* MenuBarView.swift */ = {isa = PBXFileReference; lastKnownFileType = sourcecode.swift; path = MenuBarView.swift; sourceTree = "<group>"; };
		A2000000000000000000000F /* Project.swift */ = {isa = PBXFileReference; lastKnownFileType = sourcecode.swift; path = Project.swift; sourceTree = "<group>"; };
		A20000000000000000000011 /* Trace.app */ = {isa = PBXFileReference; explicitFileType = wrapper.application; includeInIndex = 0; path = Trace.app; sourceTree = BUILT_PRODUCTS_DIR; };
		A20000000000000000000010 /* Assets.xcassets */ = {isa = PBXFileReference; lastKnownFileType = folder.assetcatalog; path = Assets.xcassets; sourceTree = "<group>"; };
		A20000000000000000000012 /* Info.plist */ = {isa = PBXFileReference; lastKnownFileType = text.plist.xml; path = Info.plist; sourceTree = "<group>"; };
		A20000000000000000000013 /* Recorder.entitlements */ = {isa = PBXFileReference; lastKnownFileType = text.plist.entitlements; path = Recorder.entitlements; sourceTree = "<group>"; };
		A20000000000000000000014 /* ZoomKeyframeEditor.swift */ = {isa = PBXFileReference; lastKnownFileType = sourcecode.swift; path = ZoomKeyframeEditor.swift; sourceTree = "<group>"; };
		A20000000000000000000015 /* ProjectEditor.swift */ = {isa = PBXFileReference; lastKnownFileType = sourcecode.swift; path = ProjectEditor.swift; sourceTree = "<group>"; };
		A20000000000000000000016 /* EditorView.swift */ = {isa = PBXFileReference; lastKnownFileType = sourcecode.swift; path = EditorView.swift; sourceTree = "<group>"; };
		A20000000000000000000017 /* TimelineView.swift */ = {isa = PBXFileReference; lastKnownFileType = sourcecode.swift; path = TimelineView.swift; sourceTree = "<group>"; };
		A20000000000000000000018 /* EditorPreviewView.swift */ = {isa = PBXFileReference; lastKnownFileType = sourcecode.swift; path = EditorPreviewView.swift; sourceTree = "<group>"; };
		A20000000000000000000019 /* ExportSettings.swift */ = {isa = PBXFileReference; lastKnownFileType = sourcecode.swift; path = ExportSettings.swift; sourceTree = "<group>"; };
		A2000000000000000000001A /* CursorEvent.swift */ = {isa = PBXFileReference; lastKnownFileType = sourcecode.swift; path = CursorEvent.swift; sourceTree = "<group>"; };
		A2000000000000000000001B /* CountdownOverlay.swift */ = {isa = PBXFileReference; lastKnownFileType = sourcecode.swift; path = CountdownOverlay.swift; sourceTree = "<group>"; };
		A2000000000000000000001C /* RecordingHotkeys.swift */ = {isa = PBXFileReference; lastKnownFileType = sourcecode.swift; path = RecordingHotkeys.swift; sourceTree = "<group>"; };
		A2000000000000000000001D /* PresentationModeManager.swift */ = {isa = PBXFileReference; lastKnownFileType = sourcecode.swift; path = PresentationModeManager.swift; sourceTree = "<group>"; };
		A2000000000000000000001E /* MediaDevices.swift */ = {isa = PBXFileReference; lastKnownFileType = sourcecode.swift; path = MediaDevices.swift; sourceTree = "<group>"; };
		A2000000000000000000001F /* CameraMicCapture.swift */ = {isa = PBXFileReference; lastKnownFileType = sourcecode.swift; path = CameraMicCapture.swift; sourceTree = "<group>"; };
		A20000000000000000000020 /* CameraBubbleOverlay.swift */ = {isa = PBXFileReference; lastKnownFileType = sourcecode.swift; path = CameraBubbleOverlay.swift; sourceTree = "<group>"; };
		A20000000000000000000021 /* CameraBackgroundProcessor.swift */ = {isa = PBXFileReference; lastKnownFileType = sourcecode.swift; path = CameraBackgroundProcessor.swift; sourceTree = "<group>"; };
		A20000000000000000000025 /* CameraTrackWriter.swift */ = {isa = PBXFileReference; lastKnownFileType = sourcecode.swift; path = CameraTrackWriter.swift; sourceTree = "<group>"; };
		A2000000000000000000002D /* Log.swift */ = {isa = PBXFileReference; lastKnownFileType = sourcecode.swift; path = Log.swift; sourceTree = "<group>"; };
		A2000000000000000000002E /* Brand.swift */ = {isa = PBXFileReference; lastKnownFileType = sourcecode.swift; path = Brand.swift; sourceTree = "<group>"; };
		A2000000000000000000002F /* LibraryMigration.swift */ = {isa = PBXFileReference; lastKnownFileType = sourcecode.swift; path = LibraryMigration.swift; sourceTree = "<group>"; };
		A20000000000000000000030 /* KeyNames.swift */ = {isa = PBXFileReference; lastKnownFileType = sourcecode.swift; path = KeyNames.swift; sourceTree = "<group>"; };
		A20000000000000000000031 /* Hotkeys.swift */ = {isa = PBXFileReference; lastKnownFileType = sourcecode.swift; path = Hotkeys.swift; sourceTree = "<group>"; };
		A20000000000000000000032 /* AppSettings.swift */ = {isa = PBXFileReference; lastKnownFileType = sourcecode.swift; path = AppSettings.swift; sourceTree = "<group>"; };
		A20000000000000000000033 /* AppState.swift */ = {isa = PBXFileReference; lastKnownFileType = sourcecode.swift; path = AppState.swift; sourceTree = "<group>"; };
		A20000000000000000000034 /* AppDelegate.swift */ = {isa = PBXFileReference; lastKnownFileType = sourcecode.swift; path = AppDelegate.swift; sourceTree = "<group>"; };
		A20000000000000000000035 /* StatusItemController.swift */ = {isa = PBXFileReference; lastKnownFileType = sourcecode.swift; path = StatusItemController.swift; sourceTree = "<group>"; };
		A20000000000000000000036 /* ActivationPolicyController.swift */ = {isa = PBXFileReference; lastKnownFileType = sourcecode.swift; path = ActivationPolicyController.swift; sourceTree = "<group>"; };
		A20000000000000000000037 /* SettingsStore.swift */ = {isa = PBXFileReference; lastKnownFileType = sourcecode.swift; path = SettingsStore.swift; sourceTree = "<group>"; };
		A20000000000000000000038 /* WindowPresenters.swift */ = {isa = PBXFileReference; lastKnownFileType = sourcecode.swift; path = WindowPresenters.swift; sourceTree = "<group>"; };
		A20000000000000000000039 /* SettingsView.swift */ = {isa = PBXFileReference; lastKnownFileType = sourcecode.swift; path = SettingsView.swift; sourceTree = "<group>"; };
		A2000000000000000000003A /* ShortcutRecorderField.swift */ = {isa = PBXFileReference; lastKnownFileType = sourcecode.swift; path = ShortcutRecorderField.swift; sourceTree = "<group>"; };
		A2000000000000000000003B /* DesignSystem.swift */ = {isa = PBXFileReference; lastKnownFileType = sourcecode.swift; path = DesignSystem.swift; sourceTree = "<group>"; };
		A2000000000000000000003C /* OnboardingView.swift */ = {isa = PBXFileReference; lastKnownFileType = sourcecode.swift; path = OnboardingView.swift; sourceTree = "<group>"; };
		A2000000000000000000003D /* AreaSelection.swift */ = {isa = PBXFileReference; lastKnownFileType = sourcecode.swift; path = AreaSelection.swift; sourceTree = "<group>"; };
		A2000000000000000000003E /* PauseLedger.swift */ = {isa = PBXFileReference; lastKnownFileType = sourcecode.swift; path = PauseLedger.swift; sourceTree = "<group>"; };
		A2000000000000000000003F /* RecordingClock.swift */ = {isa = PBXFileReference; lastKnownFileType = sourcecode.swift; path = RecordingClock.swift; sourceTree = "<group>"; };
		A20000000000000000000040 /* CaptureExclusion.swift */ = {isa = PBXFileReference; lastKnownFileType = sourcecode.swift; path = CaptureExclusion.swift; sourceTree = "<group>"; };
		A20000000000000000000041 /* AreaSelectionOverlay.swift */ = {isa = PBXFileReference; lastKnownFileType = sourcecode.swift; path = AreaSelectionOverlay.swift; sourceTree = "<group>"; };
		A20000000000000000000042 /* RecordingHUD.swift */ = {isa = PBXFileReference; lastKnownFileType = sourcecode.swift; path = RecordingHUD.swift; sourceTree = "<group>"; };
		A20000000000000000000043 /* KeystrokeEvent.swift */ = {isa = PBXFileReference; lastKnownFileType = sourcecode.swift; path = KeystrokeEvent.swift; sourceTree = "<group>"; };
		A20000000000000000000044 /* CursorKindEvent.swift */ = {isa = PBXFileReference; lastKnownFileType = sourcecode.swift; path = CursorKindEvent.swift; sourceTree = "<group>"; };
		A20000000000000000000045 /* CursorKindSampler.swift */ = {isa = PBXFileReference; lastKnownFileType = sourcecode.swift; path = CursorKindSampler.swift; sourceTree = "<group>"; };
		A20000000000000000000046 /* EditTimeline.swift */ = {isa = PBXFileReference; lastKnownFileType = sourcecode.swift; path = EditTimeline.swift; sourceTree = "<group>"; };
		A20000000000000000000047 /* IdleStretchDetector.swift */ = {isa = PBXFileReference; lastKnownFileType = sourcecode.swift; path = IdleStretchDetector.swift; sourceTree = "<group>"; };
		A20000000000000000000048 /* TimelineCompositionBuilder.swift */ = {isa = PBXFileReference; lastKnownFileType = sourcecode.swift; path = TimelineCompositionBuilder.swift; sourceTree = "<group>"; };
		A20000000000000000000049 /* CanvasLayout.swift */ = {isa = PBXFileReference; lastKnownFileType = sourcecode.swift; path = CanvasLayout.swift; sourceTree = "<group>"; };
		A2000000000000000000004A /* ExportService.swift */ = {isa = PBXFileReference; lastKnownFileType = sourcecode.swift; path = ExportService.swift; sourceTree = "<group>"; };
		A2000000000000000000004B /* LibraryView.swift */ = {isa = PBXFileReference; lastKnownFileType = sourcecode.swift; path = LibraryView.swift; sourceTree = "<group>"; };
		A2000000000000000000004C /* QuickAccessPanel.swift */ = {isa = PBXFileReference; lastKnownFileType = sourcecode.swift; path = QuickAccessPanel.swift; sourceTree = "<group>"; };
		A2000000000000000000004D /* LookStyle.swift */ = {isa = PBXFileReference; lastKnownFileType = sourcecode.swift; path = LookStyle.swift; sourceTree = "<group>"; };
		A2000000000000000000004E /* TimelineItems.swift */ = {isa = PBXFileReference; lastKnownFileType = sourcecode.swift; path = TimelineItems.swift; sourceTree = "<group>"; };
		A2000000000000000000004F /* StylePreset.swift */ = {isa = PBXFileReference; lastKnownFileType = sourcecode.swift; path = StylePreset.swift; sourceTree = "<group>"; };
		A20000000000000000000050 /* SystemCursorImages.swift */ = {isa = PBXFileReference; lastKnownFileType = sourcecode.swift; path = SystemCursorImages.swift; sourceTree = "<group>"; };
		A20000000000000000000051 /* EditorShortcuts.swift */ = {isa = PBXFileReference; lastKnownFileType = sourcecode.swift; path = EditorShortcuts.swift; sourceTree = "<group>"; };
		A20000000000000000000052 /* TimelineGeometry.swift */ = {isa = PBXFileReference; lastKnownFileType = sourcecode.swift; path = TimelineGeometry.swift; sourceTree = "<group>"; };
		A20000000000000000000053 /* Waveform.swift */ = {isa = PBXFileReference; lastKnownFileType = sourcecode.swift; path = Waveform.swift; sourceTree = "<group>"; };
		A20000000000000000000054 /* InspectorControls.swift */ = {isa = PBXFileReference; lastKnownFileType = sourcecode.swift; path = InspectorControls.swift; sourceTree = "<group>"; };
		A20000000000000000000055 /* InspectorView.swift */ = {isa = PBXFileReference; lastKnownFileType = sourcecode.swift; path = InspectorView.swift; sourceTree = "<group>"; };
		A20000000000000000000056 /* InspectorPanels.swift */ = {isa = PBXFileReference; lastKnownFileType = sourcecode.swift; path = InspectorPanels.swift; sourceTree = "<group>"; };
		A20000000000000000000057 /* SelectionInspector.swift */ = {isa = PBXFileReference; lastKnownFileType = sourcecode.swift; path = SelectionInspector.swift; sourceTree = "<group>"; };
		A20000000000000000000058 /* EditorToolbar.swift */ = {isa = PBXFileReference; lastKnownFileType = sourcecode.swift; path = EditorToolbar.swift; sourceTree = "<group>"; };
		A20000000000000000000059 /* CanvasOverlays.swift */ = {isa = PBXFileReference; lastKnownFileType = sourcecode.swift; path = CanvasOverlays.swift; sourceTree = "<group>"; };
		A2000000000000000000005A /* TransportBar.swift */ = {isa = PBXFileReference; lastKnownFileType = sourcecode.swift; path = TransportBar.swift; sourceTree = "<group>"; };
		A2000000000000000000005B /* TimelineTracks.swift */ = {isa = PBXFileReference; lastKnownFileType = sourcecode.swift; path = TimelineTracks.swift; sourceTree = "<group>"; };
		A2000000000000000000005C /* TimelineMedia.swift */ = {isa = PBXFileReference; lastKnownFileType = sourcecode.swift; path = TimelineMedia.swift; sourceTree = "<group>"; };
		A2000000000000000000005D /* TextPlateLayout.swift */ = {isa = PBXFileReference; lastKnownFileType = sourcecode.swift; path = TextPlateLayout.swift; sourceTree = "<group>"; };
		A2000000000000000000005E /* GIFWriter.swift */ = {isa = PBXFileReference; lastKnownFileType = sourcecode.swift; path = GIFWriter.swift; sourceTree = "<group>"; };
		A2000000000000000000005F /* ExportOptions.swift */ = {isa = PBXFileReference; lastKnownFileType = sourcecode.swift; path = ExportOptions.swift; sourceTree = "<group>"; };
		A20000000000000000000060 /* ExportSheet.swift */ = {isa = PBXFileReference; lastKnownFileType = sourcecode.swift; path = ExportSheet.swift; sourceTree = "<group>"; };
		A20000000000000000000061 /* JSONValue.swift */ = {isa = PBXFileReference; lastKnownFileType = sourcecode.swift; path = JSONValue.swift; sourceTree = "<group>"; };
		A20000000000000000000062 /* JSONRPCMessage.swift */ = {isa = PBXFileReference; lastKnownFileType = sourcecode.swift; path = JSONRPCMessage.swift; sourceTree = "<group>"; };
		A20000000000000000000063 /* MCPCatalog.swift */ = {isa = PBXFileReference; lastKnownFileType = sourcecode.swift; path = MCPCatalog.swift; sourceTree = "<group>"; };
		A20000000000000000000064 /* MCPServer.swift */ = {isa = PBXFileReference; lastKnownFileType = sourcecode.swift; path = MCPServer.swift; sourceTree = "<group>"; };
		A20000000000000000000065 /* LineChannel.swift */ = {isa = PBXFileReference; lastKnownFileType = sourcecode.swift; path = LineChannel.swift; sourceTree = "<group>"; };
		A20000000000000000000066 /* AgentToolCatalog.swift */ = {isa = PBXFileReference; lastKnownFileType = sourcecode.swift; path = AgentToolCatalog.swift; sourceTree = "<group>"; };
		A20000000000000000000067 /* AgentPrompts.swift */ = {isa = PBXFileReference; lastKnownFileType = sourcecode.swift; path = AgentPrompts.swift; sourceTree = "<group>"; };
		A20000000000000000000068 /* TraceMain.swift */ = {isa = PBXFileReference; lastKnownFileType = sourcecode.swift; path = TraceMain.swift; sourceTree = "<group>"; };
		A20000000000000000000069 /* MCPStdioServer.swift */ = {isa = PBXFileReference; lastKnownFileType = sourcecode.swift; path = MCPStdioServer.swift; sourceTree = "<group>"; };
		A2000000000000000000006A /* UnixSocket.swift */ = {isa = PBXFileReference; lastKnownFileType = sourcecode.swift; path = UnixSocket.swift; sourceTree = "<group>"; };
		A2000000000000000000006B /* LineSocket.swift */ = {isa = PBXFileReference; lastKnownFileType = sourcecode.swift; path = LineSocket.swift; sourceTree = "<group>"; };
		A2000000000000000000006C /* AgentBridge.swift */ = {isa = PBXFileReference; lastKnownFileType = sourcecode.swift; path = AgentBridge.swift; sourceTree = "<group>"; };
		A2000000000000000000006D /* AgentArguments.swift */ = {isa = PBXFileReference; lastKnownFileType = sourcecode.swift; path = AgentArguments.swift; sourceTree = "<group>"; };
		A2000000000000000000006E /* AgentCoordinates.swift */ = {isa = PBXFileReference; lastKnownFileType = sourcecode.swift; path = AgentCoordinates.swift; sourceTree = "<group>"; };
		A2000000000000000000006F /* TakeDescription.swift */ = {isa = PBXFileReference; lastKnownFileType = sourcecode.swift; path = TakeDescription.swift; sourceTree = "<group>"; };
		A20000000000000000000070 /* FrameSampling.swift */ = {isa = PBXFileReference; lastKnownFileType = sourcecode.swift; path = FrameSampling.swift; sourceTree = "<group>"; };
		A20000000000000000000071 /* AgentSetup.swift */ = {isa = PBXFileReference; lastKnownFileType = sourcecode.swift; path = AgentSetup.swift; sourceTree = "<group>"; };
		A20000000000000000000072 /* AgentBridgeExecutor.swift */ = {isa = PBXFileReference; lastKnownFileType = sourcecode.swift; path = AgentBridgeExecutor.swift; sourceTree = "<group>"; };
		A20000000000000000000073 /* AgentBridgeController.swift */ = {isa = PBXFileReference; lastKnownFileType = sourcecode.swift; path = AgentBridgeController.swift; sourceTree = "<group>"; };
		A20000000000000000000074 /* AgentTakeTools.swift */ = {isa = PBXFileReference; lastKnownFileType = sourcecode.swift; path = AgentTakeTools.swift; sourceTree = "<group>"; };
		A20000000000000000000075 /* AgentFrameRenderer.swift */ = {isa = PBXFileReference; lastKnownFileType = sourcecode.swift; path = AgentFrameRenderer.swift; sourceTree = "<group>"; };
		A20000000000000000000076 /* AgentsSettingsPane.swift */ = {isa = PBXFileReference; lastKnownFileType = sourcecode.swift; path = AgentsSettingsPane.swift; sourceTree = "<group>"; };
		A20000000000000000000077 /* AgentEdits.swift */ = {isa = PBXFileReference; lastKnownFileType = sourcecode.swift; path = AgentEdits.swift; sourceTree = "<group>"; };
		A20000000000000000000078 /* AgentStyleEdits.swift */ = {isa = PBXFileReference; lastKnownFileType = sourcecode.swift; path = AgentStyleEdits.swift; sourceTree = "<group>"; };
		A20000000000000000000079 /* AgentEditCatalog.swift */ = {isa = PBXFileReference; lastKnownFileType = sourcecode.swift; path = AgentEditCatalog.swift; sourceTree = "<group>"; };
		A2000000000000000000007A /* AgentEditTools.swift */ = {isa = PBXFileReference; lastKnownFileType = sourcecode.swift; path = AgentEditTools.swift; sourceTree = "<group>"; };
		A2000000000000000000007B /* AgentExportTools.swift */ = {isa = PBXFileReference; lastKnownFileType = sourcecode.swift; path = AgentExportTools.swift; sourceTree = "<group>"; };
		A2000000000000000000007C /* SpeechDetector.swift */ = {isa = PBXFileReference; lastKnownFileType = sourcecode.swift; path = SpeechDetector.swift; sourceTree = "<group>"; };
		A2000000000000000000007D /* VisualChange.swift */ = {isa = PBXFileReference; lastKnownFileType = sourcecode.swift; path = VisualChange.swift; sourceTree = "<group>"; };
		A2000000000000000000007E /* TakeAnalyzer.swift */ = {isa = PBXFileReference; lastKnownFileType = sourcecode.swift; path = TakeAnalyzer.swift; sourceTree = "<group>"; };
		A2000000000000000000007F /* TakeAnalysisReport.swift */ = {isa = PBXFileReference; lastKnownFileType = sourcecode.swift; path = TakeAnalysisReport.swift; sourceTree = "<group>"; };
		A20000000000000000000080 /* AgentMediaScanner.swift */ = {isa = PBXFileReference; lastKnownFileType = sourcecode.swift; path = AgentMediaScanner.swift; sourceTree = "<group>"; };
		A20000000000000000000081 /* AgentAnalysisTools.swift */ = {isa = PBXFileReference; lastKnownFileType = sourcecode.swift; path = AgentAnalysisTools.swift; sourceTree = "<group>"; };
		A20000000000000000000082 /* SourceCrop.swift */ = {isa = PBXFileReference; lastKnownFileType = sourcecode.swift; path = SourceCrop.swift; sourceTree = "<group>"; };
		A20000000000000000000083 /* CropControls.swift */ = {isa = PBXFileReference; lastKnownFileType = sourcecode.swift; path = CropControls.swift; sourceTree = "<group>"; };
		A20000000000000000000084 /* TextMotion.swift */ = {isa = PBXFileReference; lastKnownFileType = sourcecode.swift; path = TextMotion.swift; sourceTree = "<group>"; };
		A20000000000000000000085 /* SpeedRamp.swift */ = {isa = PBXFileReference; lastKnownFileType = sourcecode.swift; path = SpeedRamp.swift; sourceTree = "<group>"; };
		A20000000000000000000086 /* CutTransitions.swift */ = {isa = PBXFileReference; lastKnownFileType = sourcecode.swift; path = CutTransitions.swift; sourceTree = "<group>"; };
		A20000000000000000000087 /* AudioEnvelope.swift */ = {isa = PBXFileReference; lastKnownFileType = sourcecode.swift; path = AudioEnvelope.swift; sourceTree = "<group>"; };
		A20000000000000000000088 /* RenderFeatures.swift */ = {isa = PBXFileReference; lastKnownFileType = sourcecode.swift; path = RenderFeatures.swift; sourceTree = "<group>"; };
		A20000000000000000000089 /* MotionInspectors.swift */ = {isa = PBXFileReference; lastKnownFileType = sourcecode.swift; path = MotionInspectors.swift; sourceTree = "<group>"; };
		A2000000000000000000008A /* CameraMoves.swift */ = {isa = PBXFileReference; lastKnownFileType = sourcecode.swift; path = CameraMoves.swift; sourceTree = "<group>"; };
/* End PBXFileReference section */

/* Begin PBXFrameworksBuildPhase section */
		D20000000000000000000004 /* Frameworks */ = {
			isa = PBXFrameworksBuildPhase;
			buildActionMask = 2147483647;
			files = (
			);
			runOnlyForDeploymentPostprocessing = 0;
		};
/* End PBXFrameworksBuildPhase section */

/* Begin PBXGroup section */
		C20000000000000000000001 /* root */ = {
			isa = PBXGroup;
			children = (
				A2000000000000000000002A /* Signing.xcconfig */,
				C20000000000000000000002 /* Recorder */,
				C2000000000000000000000D /* Products */,
			);
			sourceTree = "<group>";
		};
		C20000000000000000000002 /* Recorder */ = {
			isa = PBXGroup;
			children = (
				C20000000000000000000003 /* App */,
				C20000000000000000000004 /* Capture */,
				C20000000000000000000005 /* Zoom */,
				C2000000000000000000000A /* Composition */,
				C20000000000000000000006 /* Export */,
				C20000000000000000000009 /* Editor */,
				C20000000000000000000007 /* UI */,
				C20000000000000000000008 /* Models */,
				A20000000000000000000010 /* Assets.xcassets */,
				A20000000000000000000012 /* Info.plist */,
				A20000000000000000000013 /* Recorder.entitlements */,
				C20000000000000000000011 /* Timeline */,
				C20000000000000000000015 /* Agent */,
			);
			path = Recorder;
			sourceTree = "<group>";
		};
		C20000000000000000000003 /* App */ = {
			isa = PBXGroup;
			children = (
				A20000000000000000000001 /* RecorderApp.swift */,
				A20000000000000000000002 /* PermissionsManager.swift */,
				A20000000000000000000003 /* NSScreen+DisplayID.swift */,
				A2000000000000000000001C /* RecordingHotkeys.swift */,
				A20000000000000000000028 /* ProjectLibrary.swift */,
				A20000000000000000000033 /* AppState.swift */,
				A20000000000000000000034 /* AppDelegate.swift */,
				A20000000000000000000035 /* StatusItemController.swift */,
				A20000000000000000000036 /* ActivationPolicyController.swift */,
				A20000000000000000000037 /* SettingsStore.swift */,
				A20000000000000000000038 /* WindowPresenters.swift */,
				A20000000000000000000068 /* TraceMain.swift */,
				C20000000000000000000016 /* Agent */,
			);
			path = App;
			sourceTree = "<group>";
		};
		C20000000000000000000004 /* Capture */ = {
			isa = PBXGroup;
			children = (
				A20000000000000000000004 /* ScreenRecorder.swift */,
				A20000000000000000000005 /* InputTracker.swift */,
				A20000000000000000000006 /* RecordingSession.swift */,
				A2000000000000000000001D /* PresentationModeManager.swift */,
				A2000000000000000000001E /* MediaDevices.swift */,
				A2000000000000000000001F /* CameraMicCapture.swift */,
				A20000000000000000000021 /* CameraBackgroundProcessor.swift */,
				A20000000000000000000025 /* CameraTrackWriter.swift */,
				A2000000000000000000003F /* RecordingClock.swift */,
				A20000000000000000000045 /* CursorKindSampler.swift */,
			);
			path = Capture;
			sourceTree = "<group>";
		};
		C20000000000000000000005 /* Zoom */ = {
			isa = PBXGroup;
			children = (
				A20000000000000000000007 /* ClickEvent.swift */,
				A2000000000000000000001A /* CursorEvent.swift */,
				A20000000000000000000008 /* ZoomKeyframe.swift */,
				A20000000000000000000009 /* AutoZoomGenerator.swift */,
				A2000000000000000000000A /* ZoomInterpolator.swift */,
				A20000000000000000000043 /* KeystrokeEvent.swift */,
				A20000000000000000000044 /* CursorKindEvent.swift */,
			);
			path = Zoom;
			sourceTree = "<group>";
		};
		C2000000000000000000000A /* Composition */ = {
			isa = PBXGroup;
			children = (
				A20000000000000000000022 /* Composition.swift */,
				A20000000000000000000023 /* MotionFX.swift */,
				A20000000000000000000026 /* MediaTiming.swift */,
				A2000000000000000000002B /* CaptureGeometry.swift */,
				A2000000000000000000002C /* OverlayLayout.swift */,
				A2000000000000000000003D /* AreaSelection.swift */,
				A2000000000000000000003E /* PauseLedger.swift */,
				A20000000000000000000040 /* CaptureExclusion.swift */,
				A20000000000000000000049 /* CanvasLayout.swift */,
				A20000000000000000000082 /* SourceCrop.swift */,
				A20000000000000000000084 /* TextMotion.swift */,
				A20000000000000000000088 /* RenderFeatures.swift */,
				A2000000000000000000008A /* CameraMoves.swift */,
			);
			path = Composition;
			sourceTree = "<group>";
		};
		C20000000000000000000006 /* Export */ = {
			isa = PBXGroup;
			children = (
				A2000000000000000000000B /* VideoExporter.swift */,
				A2000000000000000000000C /* CompositionRenderer.swift */,
				A20000000000000000000048 /* TimelineCompositionBuilder.swift */,
				A2000000000000000000004A /* ExportService.swift */,
				A20000000000000000000050 /* SystemCursorImages.swift */,
				A2000000000000000000005D /* TextPlateLayout.swift */,
				A2000000000000000000005E /* GIFWriter.swift */,
			);
			path = Export;
			sourceTree = "<group>";
		};
		C20000000000000000000007 /* UI */ = {
			isa = PBXGroup;
			children = (
				A2000000000000000000000D /* MenuBarView.swift */,
				A20000000000000000000016 /* EditorView.swift */,
				A20000000000000000000017 /* TimelineView.swift */,
				A20000000000000000000018 /* EditorPreviewView.swift */,
				A20000000000000000000024 /* CompositorPreviewView.swift */,
				A2000000000000000000001B /* CountdownOverlay.swift */,
				A20000000000000000000020 /* CameraBubbleOverlay.swift */,
				A20000000000000000000029 /* RecentProjectsView.swift */,
				C2000000000000000000000E /* Settings */,
				C2000000000000000000000F /* Design */,
				A2000000000000000000003C /* OnboardingView.swift */,
				C20000000000000000000010 /* Capture */,
				C20000000000000000000012 /* Library */,
				C20000000000000000000013 /* Editor */,
				C20000000000000000000014 /* Timeline */,
			);
			path = UI;
			sourceTree = "<group>";
		};
		C20000000000000000000009 /* Editor */ = {
			isa = PBXGroup;
			children = (
				A20000000000000000000014 /* ZoomKeyframeEditor.swift */,
				A20000000000000000000015 /* ProjectEditor.swift */,
				A20000000000000000000027 /* EditHistory.swift */,
			);
			path = Editor;
			sourceTree = "<group>";
		};
		C20000000000000000000008 /* Models */ = {
			isa = PBXGroup;
			children = (
				A2000000000000000000000F /* Project.swift */,
				A20000000000000000000019 /* ExportSettings.swift */,
				A2000000000000000000002D /* Log.swift */,
				A2000000000000000000002E /* Brand.swift */,
				A2000000000000000000002F /* LibraryMigration.swift */,
				A20000000000000000000030 /* KeyNames.swift */,
				A20000000000000000000031 /* Hotkeys.swift */,
				A20000000000000000000032 /* AppSettings.swift */,
				A2000000000000000000004D /* LookStyle.swift */,
				A2000000000000000000004F /* StylePreset.swift */,
				A2000000000000000000005F /* ExportOptions.swift */,
			);
			path = Models;
			sourceTree = "<group>";
		};
		C2000000000000000000000D /* Products */ = {
			isa = PBXGroup;
			children = (
				A20000000000000000000011 /* Trace.app */,
			);
			name = Products;
			sourceTree = "<group>";
		};
		C2000000000000000000000E /* Settings */ = {
			isa = PBXGroup;
			children = (
				A20000000000000000000039 /* SettingsView.swift */,
				A2000000000000000000003A /* ShortcutRecorderField.swift */,
				A20000000000000000000076 /* AgentsSettingsPane.swift */,
			);
			path = Settings;
			sourceTree = "<group>";
		};
		C2000000000000000000000F /* Design */ = {
			isa = PBXGroup;
			children = (
				A2000000000000000000003B /* DesignSystem.swift */,
			);
			path = Design;
			sourceTree = "<group>";
		};
		C20000000000000000000010 /* Capture */ = {
			isa = PBXGroup;
			children = (
				A20000000000000000000041 /* AreaSelectionOverlay.swift */,
				A20000000000000000000042 /* RecordingHUD.swift */,
				A2000000000000000000004C /* QuickAccessPanel.swift */,
			);
			path = Capture;
			sourceTree = "<group>";
		};
		C20000000000000000000011 /* Timeline */ = {
			isa = PBXGroup;
			children = (
				A20000000000000000000046 /* EditTimeline.swift */,
				A20000000000000000000047 /* IdleStretchDetector.swift */,
				A2000000000000000000004E /* TimelineItems.swift */,
				A20000000000000000000051 /* EditorShortcuts.swift */,
				A20000000000000000000052 /* TimelineGeometry.swift */,
				A20000000000000000000053 /* Waveform.swift */,
				A20000000000000000000085 /* SpeedRamp.swift */,
				A20000000000000000000086 /* CutTransitions.swift */,
				A20000000000000000000087 /* AudioEnvelope.swift */,
			);
			path = Timeline;
			sourceTree = "<group>";
		};
		C20000000000000000000012 /* Library */ = {
			isa = PBXGroup;
			children = (
				A2000000000000000000004B /* LibraryView.swift */,
			);
			path = Library;
			sourceTree = "<group>";
		};
		C20000000000000000000013 /* Editor */ = {
			isa = PBXGroup;
			children = (
				A20000000000000000000054 /* InspectorControls.swift */,
				A20000000000000000000055 /* InspectorView.swift */,
				A20000000000000000000056 /* InspectorPanels.swift */,
				A20000000000000000000057 /* SelectionInspector.swift */,
				A20000000000000000000058 /* EditorToolbar.swift */,
				A20000000000000000000059 /* CanvasOverlays.swift */,
				A2000000000000000000005A /* TransportBar.swift */,
				A20000000000000000000060 /* ExportSheet.swift */,
				A20000000000000000000083 /* CropControls.swift */,
				A20000000000000000000089 /* MotionInspectors.swift */,
			);
			path = Editor;
			sourceTree = "<group>";
		};
		C20000000000000000000014 /* Timeline */ = {
			isa = PBXGroup;
			children = (
				A2000000000000000000005B /* TimelineTracks.swift */,
				A2000000000000000000005C /* TimelineMedia.swift */,
			);
			path = Timeline;
			sourceTree = "<group>";
		};
		C20000000000000000000015 /* Agent */ = {
			isa = PBXGroup;
			children = (
				A20000000000000000000061 /* JSONValue.swift */,
				A20000000000000000000062 /* JSONRPCMessage.swift */,
				A20000000000000000000063 /* MCPCatalog.swift */,
				A20000000000000000000064 /* MCPServer.swift */,
				A20000000000000000000065 /* LineChannel.swift */,
				A20000000000000000000066 /* AgentToolCatalog.swift */,
				A20000000000000000000067 /* AgentPrompts.swift */,
				A2000000000000000000006A /* UnixSocket.swift */,
				A2000000000000000000006B /* LineSocket.swift */,
				A2000000000000000000006C /* AgentBridge.swift */,
				A2000000000000000000006D /* AgentArguments.swift */,
				A2000000000000000000006E /* AgentCoordinates.swift */,
				A2000000000000000000006F /* TakeDescription.swift */,
				A20000000000000000000070 /* FrameSampling.swift */,
				A20000000000000000000071 /* AgentSetup.swift */,
				A20000000000000000000077 /* AgentEdits.swift */,
				A20000000000000000000078 /* AgentStyleEdits.swift */,
				A20000000000000000000079 /* AgentEditCatalog.swift */,
				A2000000000000000000007C /* SpeechDetector.swift */,
				A2000000000000000000007D /* VisualChange.swift */,
				A2000000000000000000007E /* TakeAnalyzer.swift */,
				A2000000000000000000007F /* TakeAnalysisReport.swift */,
			);
			path = Agent;
			sourceTree = "<group>";
		};
		C20000000000000000000016 /* Agent */ = {
			isa = PBXGroup;
			children = (
				A20000000000000000000069 /* MCPStdioServer.swift */,
				A20000000000000000000072 /* AgentBridgeExecutor.swift */,
				A20000000000000000000073 /* AgentBridgeController.swift */,
				A20000000000000000000074 /* AgentTakeTools.swift */,
				A20000000000000000000075 /* AgentFrameRenderer.swift */,
				A2000000000000000000007A /* AgentEditTools.swift */,
				A2000000000000000000007B /* AgentExportTools.swift */,
				A20000000000000000000080 /* AgentMediaScanner.swift */,
				A20000000000000000000081 /* AgentAnalysisTools.swift */,
			);
			path = Agent;
			sourceTree = "<group>";
		};
/* End PBXGroup section */

/* Begin PBXNativeTarget section */
		D20000000000000000000002 /* Recorder */ = {
			isa = PBXNativeTarget;
			buildConfigurationList = D20000000000000000000007 /* Build configuration list for PBXNativeTarget "Recorder" */;
			buildPhases = (
				D20000000000000000000003 /* Sources */,
				D20000000000000000000004 /* Frameworks */,
				D20000000000000000000005 /* Resources */,
			);
			buildRules = (
			);
			dependencies = (
			);
			name = Recorder;
			productName = Recorder;
			productReference = A20000000000000000000011 /* Trace.app */;
			productType = "com.apple.product-type.application";
		};
/* End PBXNativeTarget section */

/* Begin PBXProject section */
		D20000000000000000000001 /* Project object */ = {
			isa = PBXProject;
			attributes = {
				BuildIndependentTargetsInParallel = 1;
				LastSwiftUpdateCheck = 1600;
				LastUpgradeCheck = 1600;
			};
			buildConfigurationList = D20000000000000000000006 /* Build configuration list for PBXProject "Recorder" */;
			compatibilityVersion = "Xcode 14.0";
			developmentRegion = en;
			hasScannedForEncodings = 0;
			knownRegions = (
				en,
				Base,
			);
			mainGroup = C20000000000000000000001 /* root */;
			productRefGroup = C2000000000000000000000D /* Products */;
			projectDirPath = "";
			projectRoot = "";
			targets = (
				D20000000000000000000002 /* Recorder */,
			);
		};
/* End PBXProject section */

/* Begin PBXResourcesBuildPhase section */
		D20000000000000000000005 /* Resources */ = {
			isa = PBXResourcesBuildPhase;
			buildActionMask = 2147483647;
			files = (
				B20000000000000000000010 /* Assets.xcassets in Resources */,
			);
			runOnlyForDeploymentPostprocessing = 0;
		};
/* End PBXResourcesBuildPhase section */

/* Begin PBXSourcesBuildPhase section */
		D20000000000000000000003 /* Sources */ = {
			isa = PBXSourcesBuildPhase;
			buildActionMask = 2147483647;
			files = (
				B20000000000000000000086 /* CameraMoves.swift in Sources */,
				B20000000000000000000085 /* MotionInspectors.swift in Sources */,
				B20000000000000000000084 /* RenderFeatures.swift in Sources */,
				B20000000000000000000083 /* AudioEnvelope.swift in Sources */,
				B20000000000000000000082 /* CutTransitions.swift in Sources */,
				B20000000000000000000081 /* SpeedRamp.swift in Sources */,
				B20000000000000000000080 /* TextMotion.swift in Sources */,
				B2000000000000000000007F /* CropControls.swift in Sources */,
				B2000000000000000000007E /* SourceCrop.swift in Sources */,
				B2000000000000000000007D /* AgentAnalysisTools.swift in Sources */,
				B2000000000000000000007C /* AgentMediaScanner.swift in Sources */,
				B2000000000000000000007B /* TakeAnalysisReport.swift in Sources */,
				B2000000000000000000007A /* TakeAnalyzer.swift in Sources */,
				B20000000000000000000079 /* VisualChange.swift in Sources */,
				B20000000000000000000078 /* SpeechDetector.swift in Sources */,
				B20000000000000000000077 /* AgentExportTools.swift in Sources */,
				B20000000000000000000076 /* AgentEditTools.swift in Sources */,
				B20000000000000000000075 /* AgentEditCatalog.swift in Sources */,
				B20000000000000000000074 /* AgentStyleEdits.swift in Sources */,
				B20000000000000000000073 /* AgentEdits.swift in Sources */,
				B20000000000000000000072 /* AgentsSettingsPane.swift in Sources */,
				B20000000000000000000071 /* AgentFrameRenderer.swift in Sources */,
				B20000000000000000000070 /* AgentTakeTools.swift in Sources */,
				B2000000000000000000006F /* AgentBridgeController.swift in Sources */,
				B2000000000000000000006E /* AgentBridgeExecutor.swift in Sources */,
				B2000000000000000000006D /* AgentSetup.swift in Sources */,
				B2000000000000000000006C /* FrameSampling.swift in Sources */,
				B2000000000000000000006B /* TakeDescription.swift in Sources */,
				B2000000000000000000006A /* AgentCoordinates.swift in Sources */,
				B20000000000000000000069 /* AgentArguments.swift in Sources */,
				B20000000000000000000068 /* AgentBridge.swift in Sources */,
				B20000000000000000000067 /* LineSocket.swift in Sources */,
				B20000000000000000000066 /* UnixSocket.swift in Sources */,
				B20000000000000000000065 /* MCPStdioServer.swift in Sources */,
				B20000000000000000000064 /* TraceMain.swift in Sources */,
				B20000000000000000000063 /* AgentPrompts.swift in Sources */,
				B20000000000000000000062 /* AgentToolCatalog.swift in Sources */,
				B20000000000000000000061 /* LineChannel.swift in Sources */,
				B20000000000000000000060 /* MCPServer.swift in Sources */,
				B2000000000000000000005F /* MCPCatalog.swift in Sources */,
				B2000000000000000000005E /* JSONRPCMessage.swift in Sources */,
				B2000000000000000000005D /* JSONValue.swift in Sources */,
				B2000000000000000000005C /* ExportSheet.swift in Sources */,
				B2000000000000000000005B /* ExportOptions.swift in Sources */,
				B2000000000000000000005A /* GIFWriter.swift in Sources */,
				B20000000000000000000059 /* TextPlateLayout.swift in Sources */,
				B20000000000000000000058 /* TimelineMedia.swift in Sources */,
				B20000000000000000000057 /* TimelineTracks.swift in Sources */,
				B20000000000000000000056 /* TransportBar.swift in Sources */,
				B20000000000000000000055 /* CanvasOverlays.swift in Sources */,
				B20000000000000000000054 /* EditorToolbar.swift in Sources */,
				B20000000000000000000053 /* SelectionInspector.swift in Sources */,
				B20000000000000000000052 /* InspectorPanels.swift in Sources */,
				B20000000000000000000051 /* InspectorView.swift in Sources */,
				B20000000000000000000050 /* InspectorControls.swift in Sources */,
				B2000000000000000000004F /* Waveform.swift in Sources */,
				B2000000000000000000004E /* TimelineGeometry.swift in Sources */,
				B2000000000000000000004D /* EditorShortcuts.swift in Sources */,
				B2000000000000000000004C /* SystemCursorImages.swift in Sources */,
				B2000000000000000000004B /* StylePreset.swift in Sources */,
				B2000000000000000000004A /* TimelineItems.swift in Sources */,
				B20000000000000000000049 /* LookStyle.swift in Sources */,
				B20000000000000000000048 /* QuickAccessPanel.swift in Sources */,
				B20000000000000000000047 /* LibraryView.swift in Sources */,
				B20000000000000000000046 /* ExportService.swift in Sources */,
				B20000000000000000000045 /* CanvasLayout.swift in Sources */,
				B20000000000000000000044 /* TimelineCompositionBuilder.swift in Sources */,
				B20000000000000000000043 /* IdleStretchDetector.swift in Sources */,
				B20000000000000000000042 /* EditTimeline.swift in Sources */,
				B20000000000000000000041 /* CursorKindSampler.swift in Sources */,
				B20000000000000000000040 /* CursorKindEvent.swift in Sources */,
				B2000000000000000000003F /* KeystrokeEvent.swift in Sources */,
				B2000000000000000000003E /* RecordingHUD.swift in Sources */,
				B2000000000000000000003D /* AreaSelectionOverlay.swift in Sources */,
				B2000000000000000000003C /* CaptureExclusion.swift in Sources */,
				B2000000000000000000003B /* RecordingClock.swift in Sources */,
				B2000000000000000000003A /* PauseLedger.swift in Sources */,
				B20000000000000000000039 /* AreaSelection.swift in Sources */,
				B20000000000000000000038 /* OnboardingView.swift in Sources */,
				B20000000000000000000037 /* DesignSystem.swift in Sources */,
				B20000000000000000000036 /* ShortcutRecorderField.swift in Sources */,
				B20000000000000000000035 /* SettingsView.swift in Sources */,
				B20000000000000000000034 /* WindowPresenters.swift in Sources */,
				B20000000000000000000033 /* SettingsStore.swift in Sources */,
				B20000000000000000000032 /* ActivationPolicyController.swift in Sources */,
				B20000000000000000000031 /* StatusItemController.swift in Sources */,
				B20000000000000000000030 /* AppDelegate.swift in Sources */,
				B2000000000000000000002F /* AppState.swift in Sources */,
				B2000000000000000000002E /* AppSettings.swift in Sources */,
				B2000000000000000000002D /* Hotkeys.swift in Sources */,
				B2000000000000000000002C /* KeyNames.swift in Sources */,
				B2000000000000000000002B /* LibraryMigration.swift in Sources */,
				B2000000000000000000002A /* Brand.swift in Sources */,
				B20000000000000000000029 /* Log.swift in Sources */,
				B20000000000000000000001 /* RecorderApp.swift in Sources */,
				B20000000000000000000002 /* PermissionsManager.swift in Sources */,
				B20000000000000000000003 /* NSScreen+DisplayID.swift in Sources */,
				B20000000000000000000004 /* ScreenRecorder.swift in Sources */,
				B20000000000000000000005 /* InputTracker.swift in Sources */,
				B20000000000000000000006 /* RecordingSession.swift in Sources */,
				B20000000000000000000007 /* ClickEvent.swift in Sources */,
				B20000000000000000000008 /* ZoomKeyframe.swift in Sources */,
				B20000000000000000000009 /* AutoZoomGenerator.swift in Sources */,
				B2000000000000000000000A /* ZoomInterpolator.swift in Sources */,
				B2000000000000000000000B /* VideoExporter.swift in Sources */,
				B2000000000000000000000C /* CompositionRenderer.swift in Sources */,
				B2000000000000000000001F /* Composition.swift in Sources */,
				B20000000000000000000020 /* MotionFX.swift in Sources */,
				B20000000000000000000023 /* MediaTiming.swift in Sources */,
				B20000000000000000000027 /* CaptureGeometry.swift in Sources */,
				B20000000000000000000028 /* OverlayLayout.swift in Sources */,
				B20000000000000000000021 /* CompositorPreviewView.swift in Sources */,
				B2000000000000000000000D /* MenuBarView.swift in Sources */,
				B2000000000000000000000F /* Project.swift in Sources */,
				B20000000000000000000011 /* ZoomKeyframeEditor.swift in Sources */,
				B20000000000000000000012 /* ProjectEditor.swift in Sources */,
				B20000000000000000000024 /* EditHistory.swift in Sources */,
				B20000000000000000000013 /* EditorView.swift in Sources */,
				B20000000000000000000014 /* TimelineView.swift in Sources */,
				B20000000000000000000015 /* EditorPreviewView.swift in Sources */,
				B20000000000000000000016 /* ExportSettings.swift in Sources */,
				B20000000000000000000017 /* CursorEvent.swift in Sources */,
				B20000000000000000000018 /* CountdownOverlay.swift in Sources */,
				B20000000000000000000019 /* RecordingHotkeys.swift in Sources */,
				B20000000000000000000025 /* ProjectLibrary.swift in Sources */,
				B2000000000000000000001A /* PresentationModeManager.swift in Sources */,
				B2000000000000000000001B /* MediaDevices.swift in Sources */,
				B2000000000000000000001C /* CameraMicCapture.swift in Sources */,
				B2000000000000000000001D /* CameraBubbleOverlay.swift in Sources */,
				B20000000000000000000026 /* RecentProjectsView.swift in Sources */,
				B2000000000000000000001E /* CameraBackgroundProcessor.swift in Sources */,
				B20000000000000000000022 /* CameraTrackWriter.swift in Sources */,
			);
			runOnlyForDeploymentPostprocessing = 0;
		};
/* End PBXSourcesBuildPhase section */

/* Begin XCBuildConfiguration section */
		D20000000000000000000008 /* Debug */ = {
			isa = XCBuildConfiguration;
			buildSettings = {
				ALWAYS_SEARCH_USER_PATHS = NO;
				CLANG_ENABLE_MODULES = YES;
				COPY_PHASE_STRIP = NO;
				DEBUG_INFORMATION_FORMAT = dwarf;
				ENABLE_STRICT_OBJC_MSGSEND = YES;
				ENABLE_TESTABILITY = YES;
				GCC_DYNAMIC_NO_PIC = NO;
				GCC_OPTIMIZATION_LEVEL = 0;
				MACOSX_DEPLOYMENT_TARGET = 14.0;
				MTL_ENABLE_DEBUG_INFO = INCLUDE_SOURCE;
				ONLY_ACTIVE_ARCH = YES;
				SDKROOT = macosx;
				SWIFT_ACTIVE_COMPILATION_CONDITIONS = "DEBUG $(inherited)";
				SWIFT_OPTIMIZATION_LEVEL = "-Onone";
			};
			name = Debug;
		};
		D20000000000000000000009 /* Release */ = {
			isa = XCBuildConfiguration;
			buildSettings = {
				ALWAYS_SEARCH_USER_PATHS = NO;
				CLANG_ENABLE_MODULES = YES;
				COPY_PHASE_STRIP = NO;
				DEBUG_INFORMATION_FORMAT = "dwarf-with-dsym";
				ENABLE_NS_ASSERTIONS = NO;
				ENABLE_STRICT_OBJC_MSGSEND = YES;
				GCC_OPTIMIZATION_LEVEL = s;
				MACOSX_DEPLOYMENT_TARGET = 14.0;
				MTL_ENABLE_DEBUG_INFO = NO;
				SDKROOT = macosx;
				SWIFT_COMPILATION_MODE = wholemodule;
			};
			name = Release;
		};
		D2000000000000000000000A /* Debug */ = {
			isa = XCBuildConfiguration;
			baseConfigurationReference = A2000000000000000000002A /* Signing.xcconfig */;
			buildSettings = {
				ASSETCATALOG_COMPILER_APPICON_NAME = AppIcon;
				ASSETCATALOG_COMPILER_GLOBAL_ACCENT_COLOR_NAME = AccentColor;
				COMBINE_HIDPI_IMAGES = YES;
				CURRENT_PROJECT_VERSION = 1;
				GENERATE_INFOPLIST_FILE = NO;
				INFOPLIST_FILE = Recorder/Info.plist;
				LD_RUNPATH_SEARCH_PATHS = (
					"$(inherited)",
					"@executable_path/../Frameworks",
				);
				MARKETING_VERSION = 1.0;
				PRODUCT_MODULE_NAME = Recorder;
				PRODUCT_NAME = Trace;
				SWIFT_EMIT_LOC_STRINGS = YES;
				SWIFT_VERSION = 5.0;
			};
			name = Debug;
		};
		D2000000000000000000000B /* Release */ = {
			isa = XCBuildConfiguration;
			baseConfigurationReference = A2000000000000000000002A /* Signing.xcconfig */;
			buildSettings = {
				ASSETCATALOG_COMPILER_APPICON_NAME = AppIcon;
				ASSETCATALOG_COMPILER_GLOBAL_ACCENT_COLOR_NAME = AccentColor;
				COMBINE_HIDPI_IMAGES = YES;
				CURRENT_PROJECT_VERSION = 1;
				GENERATE_INFOPLIST_FILE = NO;
				INFOPLIST_FILE = Recorder/Info.plist;
				LD_RUNPATH_SEARCH_PATHS = (
					"$(inherited)",
					"@executable_path/../Frameworks",
				);
				MARKETING_VERSION = 1.0;
				PRODUCT_MODULE_NAME = Recorder;
				PRODUCT_NAME = Trace;
				SWIFT_EMIT_LOC_STRINGS = YES;
				SWIFT_VERSION = 5.0;
			};
			name = Release;
		};
/* End XCBuildConfiguration section */

/* Begin XCConfigurationList section */
		D20000000000000000000006 /* Build configuration list for PBXProject "Recorder" */ = {
			isa = XCConfigurationList;
			buildConfigurations = (
				D20000000000000000000008 /* Debug */,
				D20000000000000000000009 /* Release */,
			);
			defaultConfigurationIsVisible = 0;
			defaultConfigurationName = Release;
		};
		D20000000000000000000007 /* Build configuration list for PBXNativeTarget "Recorder" */ = {
			isa = XCConfigurationList;
			buildConfigurations = (
				D2000000000000000000000A /* Debug */,
				D2000000000000000000000B /* Release */,
			);
			defaultConfigurationIsVisible = 0;
			defaultConfigurationName = Release;
		};
/* End XCConfigurationList section */
	};
	rootObject = D20000000000000000000001 /* Project object */;
}
